
Microsoft Visual Studio Solution File, Format Version 12.00
# Visual Studio Version 17
VisualStudioVersion = 17.6.33829.357
MinimumVisualStudioVersion = 10.0.40219.1
Project("{9A19103F-16F7-4668-BE54-9A1E7A4F7556}") = "CookieManager.ConsoleClient", "CookieManager.ConsoleClient\CookieManager.ConsoleClient.csproj", "{5FAD565A-CBA5-436C-99F8-8A5374ABE552}"
EndProject
Project("{9A19103F-16F7-4668-BE54-9A1E7A4F7556}") = "CookieManager.Service", "CookieManager.Logic\CookieManager.Service.csproj", "{2555D92A-BDA8-4DE1-A13D-B6B05DD52DC5}"
EndProject
Project("{9A19103F-16F7-4668-BE54-9A1E7A4F7556}") = "CookieManager.Core", "CookieManager.Model\CookieManager.Core.csproj", "{44C10580-E27C-4887-9B33-43C3BCF3F696}"
EndProject
Project("{9A19103F-16F7-4668-BE54-9A1E7A4F7556}") = "CookieManager.Repository", "CookieManager.Repository\CookieManager.Repository.csproj", "{A1279FEE-A700-4165-8FA3-0BFCB495D468}"
EndProject
Project("{9A19103F-16F7-4668-BE54-9A1E7A4F7556}") = "CookieManager.Tests", "CookieManager.Tests\CookieManager.Tests.csproj", "{07AC6815-B65E-4204-82FA-4B86983922AF}"
EndProject
Project("{9A19103F-16F7-4668-BE54-9A1E7A4F7556}") = "CookieManager.WebAPI", "CookieManager.WebAPI\CookieManager.WebAPI.csproj", "{B3D66601-0095-4A43-8BD9-F46A7D9D7B22}"
EndProject
Project("{9A19103F-16F7-4668-BE54-9A1E7A4F7556}") = "CookieManager.Data", "CookieManager.Data\CookieManager.Data.csproj", "{3266B1D9-4BD0-4376-8A3B-950A0583B5CF}"
EndProject
Global
	GlobalSection(SolutionConfigurationPlatforms) = preSolution
		Debug|Any CPU = Debug|Any CPU
		Release|Any CPU = Release|Any CPU
	EndGlobalSection
	GlobalSection(ProjectConfigurationPlatforms) = postSolution
		{5FAD565A-CBA5-436C-99F8-8A5374ABE552}.Debug|Any CPU.ActiveCfg = Debug|Any CPU
		{5FAD565A-CBA5-436C-99F8-8A5374ABE552}.Debug|Any CPU.Build.0 = Debug|Any CPU
		{5FAD565A-CBA5-436C-99F8-8A5374ABE552}.Release|Any CPU.ActiveCfg = Release|Any CPU
		{5FAD565A-CBA5-436C-99F8-8A5374ABE552}.Release|Any CPU.Build.0 = Release|Any CPU
		{2555D92A-BDA8-4DE1-A13D-B6B05DD52DC5}.Debug|Any CPU.ActiveCfg = Debug|Any CPU
		{2555D92A-BDA8-4DE1-A13D-B6B05DD52DC5}.Debug|Any CPU.Build.0 = Debug|Any CPU
		{2555D92A-BDA8-4DE1-A13D-B6B05DD52DC5}.Release|Any CPU.ActiveCfg = Release|Any CPU
		{2555D92A-BDA8-4DE1-A13D-B6B05DD52DC5}.Release|Any CPU.Build.0 = Release|Any CPU
		{44C10580-E27C-4887-9B33-43C3BCF3F696}.Debug|Any CPU.ActiveCfg = Debug|Any CPU
		{44C10580-E27C-4887-9B33-43C3BCF3F696}.Debug|Any CPU.Build.0 = Debug|Any CPU
		{44C10580-E27C-4887-9B33-43C3BCF3F696}.Release|Any CPU.ActiveCfg = Release|Any CPU
		{44C10580-E27C-4887-9B33-43C3BCF3F696}.Release|Any CPU.Build.0 = Release|Any CPU
		{A1279FEE-A700-4165-8FA3-0BFCB495D468}.Debug|Any CPU.ActiveCfg = Debug|Any CPU
		{A1279FEE-A700-4165-8FA3-0BFCB495D468}.Debug|Any CPU.Build.0 = Debug|Any CPU
		{A1279FEE-A700-4165-8FA3-0BFCB495D468}.Release|Any CPU.ActiveCfg = Release|Any CPU
		{A1279FEE-A700-4165-8FA3-0BFCB495D468}.Release|Any CPU.Build.0 = Release|Any CPU
		{07AC6815-B65E-4204-82FA-4B86983922AF}.Debug|Any CPU.ActiveCfg = Debug|Any CPU
		{07AC6815-B65E-4204-82FA-4B86983922AF}.Debug|Any CPU.Build.0 = Debug|Any CPU
		{07AC6815-B65E-4204-82FA-4B86983922AF}.Release|Any CPU.ActiveCfg = Release|Any CPU
		{07AC6815-B65E-4204-82FA-4B86983922AF}.Release|Any CPU.Build.0 = Release|Any CPU
		{B3D66601-0095-4A43-8BD9-F46A7D9D7B22}.Debug|Any CPU.ActiveCfg = Debug|Any CPU
		{B3D66601-0095-4A43-8BD9-F46A7D9D7B22}.Debug|Any CPU.Build.0 = Debug|Any CPU
		{B3D66601-0095-4A43-8BD9-F46A7D9D7B22}.Release|Any CPU.ActiveCfg = Release|Any CPU
		{B3D66601-0095-4A43-8BD9-F46A7D9D7B22}.Release|Any CPU.Build.0 = Release|Any CPU
		{3266B1D9-4BD0-4376-8A3B-950A0583B5CF}.Debug|Any CPU.ActiveCfg = Debug|Any CPU
		{3266B1D9-4BD0-4376-8A3B-950A0583B5CF}.Debug|Any CPU.Build.0 = Debug|Any CPU
		{3266B1D9-4BD0-4376-8A3B-950A0583B5CF}.Release|Any CPU.ActiveCfg = Release|Any CPU
		{3266B1D9-4BD0-4376-8A3B-950A0583B5CF}.Release|Any CPU.Build.0 = Release|Any CPU
	EndGlobalSection
	GlobalSection(SolutionProperties) = preSolution
		HideSolutionNode = FALSE
	EndGlobalSection
	GlobalSection(ExtensibilityGlobals) = postSolution
		SolutionGuid = {07D189FC-4EA9-4F39-A484-7CBA2085F9B4}
	EndGlobalSection
EndGlobal
